
Microsoft Visual Studio Solution File, Format Version 12.00
# Visual Studio Version 17
VisualStudioVersion = 17.13.35806.99 d17.13
MinimumVisualStudioVersion = 10.0.40219.1
Project("{FAE04EC0-301F-11D3-BF4B-00C04F79EFBC}") = "_17_ImageButton", "_17_ImageButton.csproj", "{6C58CFEA-486C-48D9-AA80-1C53D646DD07}"
EndProject
Global
	GlobalSection(SolutionConfigurationPlatforms) = preSolution
		Debug|Any CPU = Debug|Any CPU
		Release|Any CPU = Release|Any CPU
	EndGlobalSection
	GlobalSection(ProjectConfigurationPlatforms) = postSolution
		{6C58CFEA-486C-48D9-AA80-1C53D646DD07}.Debug|Any CPU.ActiveCfg = Debug|Any CPU
		{6C58CFEA-486C-48D9-AA80-1C53D646DD07}.Debug|Any CPU.Build.0 = Debug|Any CPU
		{6C58CFEA-486C-48D9-AA80-1C53D646DD07}.Release|Any CPU.ActiveCfg = Release|Any CPU
		{6C58CFEA-486C-48D9-AA80-1C53D646DD07}.Release|Any CPU.Build.0 = Release|Any CPU
	EndGlobalSection
	GlobalSection(SolutionProperties) = preSolution
		HideSolutionNode = FALSE
	EndGlobalSection
	GlobalSection(ExtensibilityGlobals) = postSolution
		SolutionGuid = {2EAFD4CC-1AE4-4626-BACC-562013DB13C0}
	EndGlobalSection
EndGlobal
