
Microsoft Visual Studio Solution File, Format Version 12.00
# Visual Studio Version 17
VisualStudioVersion = 17.13.35825.156
MinimumVisualStudioVersion = 10.0.40219.1
Project("{FAE04EC0-301F-11D3-BF4B-00C04F79EFBC}") = "_26_RadioButton", "_26_RadioButton.csproj", "{1473B2DA-3092-4AD2-894F-075BF667BDB8}"
EndProject
Global
	GlobalSection(SolutionConfigurationPlatforms) = preSolution
		Debug|Any CPU = Debug|Any CPU
		Release|Any CPU = Release|Any CPU
	EndGlobalSection
	GlobalSection(ProjectConfigurationPlatforms) = postSolution
		{1473B2DA-3092-4AD2-894F-075BF667BDB8}.Debug|Any CPU.ActiveCfg = Debug|Any CPU
		{1473B2DA-3092-4AD2-894F-075BF667BDB8}.Debug|Any CPU.Build.0 = Debug|Any CPU
		{1473B2DA-3092-4AD2-894F-075BF667BDB8}.Debug|Any CPU.Deploy.0 = Debug|Any CPU
		{1473B2DA-3092-4AD2-894F-075BF667BDB8}.Release|Any CPU.ActiveCfg = Release|Any CPU
		{1473B2DA-3092-4AD2-894F-075BF667BDB8}.Release|Any CPU.Build.0 = Release|Any CPU
	EndGlobalSection
	GlobalSection(SolutionProperties) = preSolution
		HideSolutionNode = FALSE
	EndGlobalSection
	GlobalSection(ExtensibilityGlobals) = postSolution
		SolutionGuid = {78577646-207C-4C7E-A239-AF38C861C668}
	EndGlobalSection
EndGlobal
