
Microsoft Visual Studio Solution File, Format Version 12.00
# Visual Studio Version 17
VisualStudioVersion = 17.13.35825.156 d17.13
MinimumVisualStudioVersion = 10.0.40219.1
Project("{FAE04EC0-301F-11D3-BF4B-00C04F79EFBC}") = "_01_Align_and_Position_Controls", "_01_Align_and_Position_Controls.csproj", "{7621D109-748A-478B-BE36-295424DAF4EB}"
EndProject
Global
	GlobalSection(SolutionConfigurationPlatforms) = preSolution
		Debug|Any CPU = Debug|Any CPU
		Release|Any CPU = Release|Any CPU
	EndGlobalSection
	GlobalSection(ProjectConfigurationPlatforms) = postSolution
		{7621D109-748A-478B-BE36-295424DAF4EB}.Debug|Any CPU.ActiveCfg = Debug|Any CPU
		{7621D109-748A-478B-BE36-295424DAF4EB}.Debug|Any CPU.Build.0 = Debug|Any CPU
		{7621D109-748A-478B-BE36-295424DAF4EB}.Release|Any CPU.ActiveCfg = Release|Any CPU
		{7621D109-748A-478B-BE36-295424DAF4EB}.Release|Any CPU.Build.0 = Release|Any CPU
	EndGlobalSection
	GlobalSection(SolutionProperties) = preSolution
		HideSolutionNode = FALSE
	EndGlobalSection
	GlobalSection(ExtensibilityGlobals) = postSolution
		SolutionGuid = {CE15F9C7-36ED-4B61-925E-9CAE556F4C77}
	EndGlobalSection
EndGlobal
