
Microsoft Visual Studio Solution File, Format Version 12.00
# Visual Studio Version 17
VisualStudioVersion = 17.13.35825.156 d17.13
MinimumVisualStudioVersion = 10.0.40219.1
Project("{FAE04EC0-301F-11D3-BF4B-00C04F79EFBC}") = "_33_SwipeView", "_33_SwipeView.csproj", "{C44AD9D9-1CF2-40A5-9811-0AD120104392}"
EndProject
Global
	GlobalSection(SolutionConfigurationPlatforms) = preSolution
		Debug|Any CPU = Debug|Any CPU
		Release|Any CPU = Release|Any CPU
	EndGlobalSection
	GlobalSection(ProjectConfigurationPlatforms) = postSolution
		{C44AD9D9-1CF2-40A5-9811-0AD120104392}.Debug|Any CPU.ActiveCfg = Debug|Any CPU
		{C44AD9D9-1CF2-40A5-9811-0AD120104392}.Debug|Any CPU.Build.0 = Debug|Any CPU
		{C44AD9D9-1CF2-40A5-9811-0AD120104392}.Release|Any CPU.ActiveCfg = Release|Any CPU
		{C44AD9D9-1CF2-40A5-9811-0AD120104392}.Release|Any CPU.Build.0 = Release|Any CPU
	EndGlobalSection
	GlobalSection(SolutionProperties) = preSolution
		HideSolutionNode = FALSE
	EndGlobalSection
	GlobalSection(ExtensibilityGlobals) = postSolution
		SolutionGuid = {E05170B7-C55F-43AB-89CB-20209A46E37D}
	EndGlobalSection
EndGlobal
