
Microsoft Visual Studio Solution File, Format Version 12.00
# Visual Studio Version 17
VisualStudioVersion = 17.11.35219.272
MinimumVisualStudioVersion = 10.0.40219.1
Project("{FAE04EC0-301F-11D3-BF4B-00C04F79EFBC}") = "T01_contentType", "T01_contentType.csproj", "{5AB0826B-7E14-446B-9CD3-C2EDC0094B15}"
EndProject
Global
	GlobalSection(SolutionConfigurationPlatforms) = preSolution
		Debug|Any CPU = Debug|Any CPU
		Release|Any CPU = Release|Any CPU
	EndGlobalSection
	GlobalSection(ProjectConfigurationPlatforms) = postSolution
		{5AB0826B-7E14-446B-9CD3-C2EDC0094B15}.Debug|Any CPU.ActiveCfg = Debug|Any CPU
		{5AB0826B-7E14-446B-9CD3-C2EDC0094B15}.Debug|Any CPU.Build.0 = Debug|Any CPU
		{5AB0826B-7E14-446B-9CD3-C2EDC0094B15}.Debug|Any CPU.Deploy.0 = Debug|Any CPU
		{5AB0826B-7E14-446B-9CD3-C2EDC0094B15}.Release|Any CPU.ActiveCfg = Release|Any CPU
		{5AB0826B-7E14-446B-9CD3-C2EDC0094B15}.Release|Any CPU.Build.0 = Release|Any CPU
		{5AB0826B-7E14-446B-9CD3-C2EDC0094B15}.Release|Any CPU.Deploy.0 = Release|Any CPU
	EndGlobalSection
	GlobalSection(SolutionProperties) = preSolution
		HideSolutionNode = FALSE
	EndGlobalSection
	GlobalSection(ExtensibilityGlobals) = postSolution
		SolutionGuid = {EE6A65BA-D29A-4694-A87D-285D7CF6EE8E}
	EndGlobalSection
EndGlobal
