
Microsoft Visual Studio Solution File, Format Version 12.00
# Visual Studio Version 17
VisualStudioVersion = 17.13.35806.99 d17.13
MinimumVisualStudioVersion = 10.0.40219.1
Project("{FAE04EC0-301F-11D3-BF4B-00C04F79EFBC}") = "_18_IndicatorView", "_18_IndicatorView.csproj", "{512F616B-B7D9-465C-9C97-E41B878FC599}"
EndProject
Global
	GlobalSection(SolutionConfigurationPlatforms) = preSolution
		Debug|Any CPU = Debug|Any CPU
		Release|Any CPU = Release|Any CPU
	EndGlobalSection
	GlobalSection(ProjectConfigurationPlatforms) = postSolution
		{512F616B-B7D9-465C-9C97-E41B878FC599}.Debug|Any CPU.ActiveCfg = Debug|Any CPU
		{512F616B-B7D9-465C-9C97-E41B878FC599}.Debug|Any CPU.Build.0 = Debug|Any CPU
		{512F616B-B7D9-465C-9C97-E41B878FC599}.Release|Any CPU.ActiveCfg = Release|Any CPU
		{512F616B-B7D9-465C-9C97-E41B878FC599}.Release|Any CPU.Build.0 = Release|Any CPU
	EndGlobalSection
	GlobalSection(SolutionProperties) = preSolution
		HideSolutionNode = FALSE
	EndGlobalSection
	GlobalSection(ExtensibilityGlobals) = postSolution
		SolutionGuid = {FD1E1FCC-5858-4FAA-9C23-C5FC80CC4F86}
	EndGlobalSection
EndGlobal
