
Microsoft Visual Studio Solution File, Format Version 12.00
# Visual Studio Version 17
VisualStudioVersion = 17.12.35514.174 d17.12
MinimumVisualStudioVersion = 10.0.40219.1
Project("{FAE04EC0-301F-11D3-BF4B-00C04F79EFBC}") = "01_StackLayout", "01_StackLayout.csproj", "{AFB37A41-6E45-4936-8774-2BE0E0D11EA0}"
EndProject
Global
	GlobalSection(SolutionConfigurationPlatforms) = preSolution
		Debug|Any CPU = Debug|Any CPU
		Release|Any CPU = Release|Any CPU
	EndGlobalSection
	GlobalSection(ProjectConfigurationPlatforms) = postSolution
		{AFB37A41-6E45-4936-8774-2BE0E0D11EA0}.Debug|Any CPU.ActiveCfg = Debug|Any CPU
		{AFB37A41-6E45-4936-8774-2BE0E0D11EA0}.Debug|Any CPU.Build.0 = Debug|Any CPU
		{AFB37A41-6E45-4936-8774-2BE0E0D11EA0}.Release|Any CPU.ActiveCfg = Release|Any CPU
		{AFB37A41-6E45-4936-8774-2BE0E0D11EA0}.Release|Any CPU.Build.0 = Release|Any CPU
	EndGlobalSection
	GlobalSection(SolutionProperties) = preSolution
		HideSolutionNode = FALSE
	EndGlobalSection
EndGlobal
