
Microsoft Visual Studio Solution File, Format Version 12.00
# Visual Studio Version 17
VisualStudioVersion = 17.13.35825.156 d17.13
MinimumVisualStudioVersion = 10.0.40219.1
Project("{FAE04EC0-301F-11D3-BF4B-00C04F79EFBC}") = "_40_TwoPaneView", "_40_TwoPaneView.csproj", "{B587E0DF-889F-4C9B-A3A4-9F7791F4DE9B}"
EndProject
Global
	GlobalSection(SolutionConfigurationPlatforms) = preSolution
		Debug|Any CPU = Debug|Any CPU
		Release|Any CPU = Release|Any CPU
	EndGlobalSection
	GlobalSection(ProjectConfigurationPlatforms) = postSolution
		{B587E0DF-889F-4C9B-A3A4-9F7791F4DE9B}.Debug|Any CPU.ActiveCfg = Debug|Any CPU
		{B587E0DF-889F-4C9B-A3A4-9F7791F4DE9B}.Debug|Any CPU.Build.0 = Debug|Any CPU
		{B587E0DF-889F-4C9B-A3A4-9F7791F4DE9B}.Release|Any CPU.ActiveCfg = Release|Any CPU
		{B587E0DF-889F-4C9B-A3A4-9F7791F4DE9B}.Release|Any CPU.Build.0 = Release|Any CPU
	EndGlobalSection
	GlobalSection(SolutionProperties) = preSolution
		HideSolutionNode = FALSE
	EndGlobalSection
	GlobalSection(ExtensibilityGlobals) = postSolution
		SolutionGuid = {61A626F4-0627-4B26-B61B-B56E97E0D341}
	EndGlobalSection
EndGlobal
